
Microsoft Visual Studio Solution File, Format Version 12.00
# Visual Studio 15
Project("{FAE04EC0-301F-11D3-BF4B-00C04F79EFBC}") = "Assembly-CSharp", "Assembly-CSharp.csproj", "{3647DB1E-454C-8B65-1512-2C74078E3091}"
EndProject
Project("{FAE04EC0-301F-11D3-BF4B-00C04F79EFBC}") = "Assembly-CSharp-Editor", "Assembly-CSharp-Editor.csproj", "{1D6F9B34-8456-7353-468E-AC4ACC209599}"
EndProject
Global
	GlobalSection(SolutionConfigurationPlatforms) = preSolution
		Debug|Any CPU = Debug|Any CPU
		Release|Any CPU = Release|Any CPU
	EndGlobalSection
	GlobalSection(ProjectConfigurationPlatforms) = postSolution
		{3647DB1E-454C-8B65-1512-2C74078E3091}.Debug|Any CPU.ActiveCfg = Debug|Any CPU
		{3647DB1E-454C-8B65-1512-2C74078E3091}.Debug|Any CPU.Build.0 = Debug|Any CPU
		{3647DB1E-454C-8B65-1512-2C74078E3091}.Release|Any CPU.ActiveCfg = Release|Any CPU
		{3647DB1E-454C-8B65-1512-2C74078E3091}.Release|Any CPU.Build.0 = Release|Any CPU
		{1D6F9B34-8456-7353-468E-AC4ACC209599}.Debug|Any CPU.ActiveCfg = Debug|Any CPU
		{1D6F9B34-8456-7353-468E-AC4ACC209599}.Debug|Any CPU.Build.0 = Debug|Any CPU
		{1D6F9B34-8456-7353-468E-AC4ACC209599}.Release|Any CPU.ActiveCfg = Release|Any CPU
		{1D6F9B34-8456-7353-468E-AC4ACC209599}.Release|Any CPU.Build.0 = Release|Any CPU
	EndGlobalSection
	GlobalSection(SolutionProperties) = preSolution
		HideSolutionNode = FALSE
	EndGlobalSection
EndGlobal
